
Microsoft Visual Studio Solution File, Format Version 12.00
# Visual Studio 15
VisualStudioVersion = 15.0.28307.705
MinimumVisualStudioVersion = 10.0.40219.1
Project("{FAE04EC0-301F-11D3-BF4B-00C04F79EFBC}") = "kth largest element", "kth largest element\kth largest element.csproj", "{BF7CCA98-5EE5-4F61-8A28-702401F3BB82}"
EndProject
Project("{FAE04EC0-301F-11D3-BF4B-00C04F79EFBC}") = "Two Sum", "Two Sum\Two Sum.csproj", "{A04BDA18-277E-4345-AA5C-3F1A6F88772A}"
EndProject
Project("{FAE04EC0-301F-11D3-BF4B-00C04F79EFBC}") = "Majority Element", "Majority Element\Majority Element.csproj", "{F0FFB806-721B-4ABB-A008-5E35B49BC9FC}"
EndProject
Project("{FAE04EC0-301F-11D3-BF4B-00C04F79EFBC}") = "Happy Numbers", "Happy Numbers\Happy Numbers.csproj", "{AF6A47CA-1F82-4554-9679-1D561A68EF16}"
EndProject
Project("{FAE04EC0-301F-11D3-BF4B-00C04F79EFBC}") = "Reverse a integer", "Reverse a integer\Reverse a integer.csproj", "{3ED25799-11A9-492D-8429-BF482D732C15}"
EndProject
Project("{FAE04EC0-301F-11D3-BF4B-00C04F79EFBC}") = "Single Number III", "Single Number III\Single Number III.csproj", "{8FB383E8-BC40-4DD1-A5BD-0FE39A030184}"
EndProject
Project("{FAE04EC0-301F-11D3-BF4B-00C04F79EFBC}") = "Single Number II", "Single Number II\Single Number II.csproj", "{103AD3BA-C67C-424D-BFF4-7956E703A44D}"
EndProject
Project("{FAE04EC0-301F-11D3-BF4B-00C04F79EFBC}") = "Find Duplicate", "Find Duplicate\Find Duplicate.csproj", "{4FF26230-1A74-4A28-A2E4-5CB8CFA3ED83}"
EndProject
Project("{FAE04EC0-301F-11D3-BF4B-00C04F79EFBC}") = "Numbers with Even Number of Digits", "Numbers with Even Number of Digits\Numbers with Even Number of Digits.csproj", "{4C4D0CEA-5CB5-4059-A27A-82A00EFA6DF8}"
EndProject
Project("{FAE04EC0-301F-11D3-BF4B-00C04F79EFBC}") = "Palindrome Number", "Palindrome Number\Palindrome Number.csproj", "{904FFE72-14A6-4988-A27C-C1C99A3D30F8}"
EndProject
Project("{FAE04EC0-301F-11D3-BF4B-00C04F79EFBC}") = "Move zeros", "Move zeros\Move zeros.csproj", "{8C2A4E0F-AC9F-4E8E-A485-540A49F94795}"
EndProject
Project("{FAE04EC0-301F-11D3-BF4B-00C04F79EFBC}") = "Third Maximum", "Third Maximum\Third Maximum.csproj", "{5F8E7C91-4586-4B63-967D-E40CA967AF5B}"
EndProject
Project("{FAE04EC0-301F-11D3-BF4B-00C04F79EFBC}") = "Search in a rotated array", "Search in a rotated array\Search in a rotated array.csproj", "{C46215AB-83CA-4146-8520-A3AB62CC1E88}"
EndProject
Project("{FAE04EC0-301F-11D3-BF4B-00C04F79EFBC}") = "Search in Rotated Sorted Array II", "Search in Rotated Sorted Array II\Search in Rotated Sorted Array II.csproj", "{9D183CDC-4B8D-448C-9CA6-C19BEA52F45D}"
EndProject
Global
	GlobalSection(SolutionConfigurationPlatforms) = preSolution
		Debug|Any CPU = Debug|Any CPU
		Release|Any CPU = Release|Any CPU
	EndGlobalSection
	GlobalSection(ProjectConfigurationPlatforms) = postSolution
		{BF7CCA98-5EE5-4F61-8A28-702401F3BB82}.Debug|Any CPU.ActiveCfg = Debug|Any CPU
		{BF7CCA98-5EE5-4F61-8A28-702401F3BB82}.Debug|Any CPU.Build.0 = Debug|Any CPU
		{BF7CCA98-5EE5-4F61-8A28-702401F3BB82}.Release|Any CPU.ActiveCfg = Release|Any CPU
		{BF7CCA98-5EE5-4F61-8A28-702401F3BB82}.Release|Any CPU.Build.0 = Release|Any CPU
		{A04BDA18-277E-4345-AA5C-3F1A6F88772A}.Debug|Any CPU.ActiveCfg = Debug|Any CPU
		{A04BDA18-277E-4345-AA5C-3F1A6F88772A}.Debug|Any CPU.Build.0 = Debug|Any CPU
		{A04BDA18-277E-4345-AA5C-3F1A6F88772A}.Release|Any CPU.ActiveCfg = Release|Any CPU
		{A04BDA18-277E-4345-AA5C-3F1A6F88772A}.Release|Any CPU.Build.0 = Release|Any CPU
		{F0FFB806-721B-4ABB-A008-5E35B49BC9FC}.Debug|Any CPU.ActiveCfg = Debug|Any CPU
		{F0FFB806-721B-4ABB-A008-5E35B49BC9FC}.Debug|Any CPU.Build.0 = Debug|Any CPU
		{F0FFB806-721B-4ABB-A008-5E35B49BC9FC}.Release|Any CPU.ActiveCfg = Release|Any CPU
		{F0FFB806-721B-4ABB-A008-5E35B49BC9FC}.Release|Any CPU.Build.0 = Release|Any CPU
		{AF6A47CA-1F82-4554-9679-1D561A68EF16}.Debug|Any CPU.ActiveCfg = Debug|Any CPU
		{AF6A47CA-1F82-4554-9679-1D561A68EF16}.Debug|Any CPU.Build.0 = Debug|Any CPU
		{AF6A47CA-1F82-4554-9679-1D561A68EF16}.Release|Any CPU.ActiveCfg = Release|Any CPU
		{AF6A47CA-1F82-4554-9679-1D561A68EF16}.Release|Any CPU.Build.0 = Release|Any CPU
		{3ED25799-11A9-492D-8429-BF482D732C15}.Debug|Any CPU.ActiveCfg = Debug|Any CPU
		{3ED25799-11A9-492D-8429-BF482D732C15}.Debug|Any CPU.Build.0 = Debug|Any CPU
		{3ED25799-11A9-492D-8429-BF482D732C15}.Release|Any CPU.ActiveCfg = Release|Any CPU
		{3ED25799-11A9-492D-8429-BF482D732C15}.Release|Any CPU.Build.0 = Release|Any CPU
		{8FB383E8-BC40-4DD1-A5BD-0FE39A030184}.Debug|Any CPU.ActiveCfg = Debug|Any CPU
		{8FB383E8-BC40-4DD1-A5BD-0FE39A030184}.Debug|Any CPU.Build.0 = Debug|Any CPU
		{8FB383E8-BC40-4DD1-A5BD-0FE39A030184}.Release|Any CPU.ActiveCfg = Release|Any CPU
		{8FB383E8-BC40-4DD1-A5BD-0FE39A030184}.Release|Any CPU.Build.0 = Release|Any CPU
		{103AD3BA-C67C-424D-BFF4-7956E703A44D}.Debug|Any CPU.ActiveCfg = Debug|Any CPU
		{103AD3BA-C67C-424D-BFF4-7956E703A44D}.Debug|Any CPU.Build.0 = Debug|Any CPU
		{103AD3BA-C67C-424D-BFF4-7956E703A44D}.Release|Any CPU.ActiveCfg = Release|Any CPU
		{103AD3BA-C67C-424D-BFF4-7956E703A44D}.Release|Any CPU.Build.0 = Release|Any CPU
		{4FF26230-1A74-4A28-A2E4-5CB8CFA3ED83}.Debug|Any CPU.ActiveCfg = Debug|Any CPU
		{4FF26230-1A74-4A28-A2E4-5CB8CFA3ED83}.Debug|Any CPU.Build.0 = Debug|Any CPU
		{4FF26230-1A74-4A28-A2E4-5CB8CFA3ED83}.Release|Any CPU.ActiveCfg = Release|Any CPU
		{4FF26230-1A74-4A28-A2E4-5CB8CFA3ED83}.Release|Any CPU.Build.0 = Release|Any CPU
		{4C4D0CEA-5CB5-4059-A27A-82A00EFA6DF8}.Debug|Any CPU.ActiveCfg = Debug|Any CPU
		{4C4D0CEA-5CB5-4059-A27A-82A00EFA6DF8}.Debug|Any CPU.Build.0 = Debug|Any CPU
		{4C4D0CEA-5CB5-4059-A27A-82A00EFA6DF8}.Release|Any CPU.ActiveCfg = Release|Any CPU
		{4C4D0CEA-5CB5-4059-A27A-82A00EFA6DF8}.Release|Any CPU.Build.0 = Release|Any CPU
		{904FFE72-14A6-4988-A27C-C1C99A3D30F8}.Debug|Any CPU.ActiveCfg = Debug|Any CPU
		{904FFE72-14A6-4988-A27C-C1C99A3D30F8}.Debug|Any CPU.Build.0 = Debug|Any CPU
		{904FFE72-14A6-4988-A27C-C1C99A3D30F8}.Release|Any CPU.ActiveCfg = Release|Any CPU
		{904FFE72-14A6-4988-A27C-C1C99A3D30F8}.Release|Any CPU.Build.0 = Release|Any CPU
		{8C2A4E0F-AC9F-4E8E-A485-540A49F94795}.Debug|Any CPU.ActiveCfg = Debug|Any CPU
		{8C2A4E0F-AC9F-4E8E-A485-540A49F94795}.Debug|Any CPU.Build.0 = Debug|Any CPU
		{8C2A4E0F-AC9F-4E8E-A485-540A49F94795}.Release|Any CPU.ActiveCfg = Release|Any CPU
		{8C2A4E0F-AC9F-4E8E-A485-540A49F94795}.Release|Any CPU.Build.0 = Release|Any CPU
		{5F8E7C91-4586-4B63-967D-E40CA967AF5B}.Debug|Any CPU.ActiveCfg = Debug|Any CPU
		{5F8E7C91-4586-4B63-967D-E40CA967AF5B}.Debug|Any CPU.Build.0 = Debug|Any CPU
		{5F8E7C91-4586-4B63-967D-E40CA967AF5B}.Release|Any CPU.ActiveCfg = Release|Any CPU
		{5F8E7C91-4586-4B63-967D-E40CA967AF5B}.Release|Any CPU.Build.0 = Release|Any CPU
		{C46215AB-83CA-4146-8520-A3AB62CC1E88}.Debug|Any CPU.ActiveCfg = Debug|Any CPU
		{C46215AB-83CA-4146-8520-A3AB62CC1E88}.Debug|Any CPU.Build.0 = Debug|Any CPU
		{C46215AB-83CA-4146-8520-A3AB62CC1E88}.Release|Any CPU.ActiveCfg = Release|Any CPU
		{C46215AB-83CA-4146-8520-A3AB62CC1E88}.Release|Any CPU.Build.0 = Release|Any CPU
		{9D183CDC-4B8D-448C-9CA6-C19BEA52F45D}.Debug|Any CPU.ActiveCfg = Debug|Any CPU
		{9D183CDC-4B8D-448C-9CA6-C19BEA52F45D}.Debug|Any CPU.Build.0 = Debug|Any CPU
		{9D183CDC-4B8D-448C-9CA6-C19BEA52F45D}.Release|Any CPU.ActiveCfg = Release|Any CPU
		{9D183CDC-4B8D-448C-9CA6-C19BEA52F45D}.Release|Any CPU.Build.0 = Release|Any CPU
	EndGlobalSection
	GlobalSection(SolutionProperties) = preSolution
		HideSolutionNode = FALSE
	EndGlobalSection
	GlobalSection(ExtensibilityGlobals) = postSolution
		SolutionGuid = {D8BC4D13-9DC2-4007-8144-F00F74909813}
	EndGlobalSection
EndGlobal
