
Microsoft Visual Studio Solution File, Format Version 12.00
# Visual Studio 15
VisualStudioVersion = 15.0.28307.705
MinimumVisualStudioVersion = 10.0.40219.1
Project("{FAE04EC0-301F-11D3-BF4B-00C04F79EFBC}") = "kth largest element", "kth largest element\kth largest element.csproj", "{BF7CCA98-5EE5-4F61-8A28-702401F3BB82}"
EndProject
Project("{FAE04EC0-301F-11D3-BF4B-00C04F79EFBC}") = "Two Sum", "Two Sum\Two Sum.csproj", "{A04BDA18-277E-4345-AA5C-3F1A6F88772A}"
EndProject
Project("{FAE04EC0-301F-11D3-BF4B-00C04F79EFBC}") = "Majority Element", "Majority Element\Majority Element.csproj", "{F0FFB806-721B-4ABB-A008-5E35B49BC9FC}"
EndProject
Project("{FAE04EC0-301F-11D3-BF4B-00C04F79EFBC}") = "Happy Numbers", "Happy Numbers\Happy Numbers.csproj", "{AF6A47CA-1F82-4554-9679-1D561A68EF16}"
EndProject
Project("{FAE04EC0-301F-11D3-BF4B-00C04F79EFBC}") = "Reverse a integer", "Reverse a integer\Reverse a integer.csproj", "{3ED25799-11A9-492D-8429-BF482D732C15}"
EndProject
Project("{FAE04EC0-301F-11D3-BF4B-00C04F79EFBC}") = "Single Number III", "Single Number III\Single Number III.csproj", "{8FB383E8-BC40-4DD1-A5BD-0FE39A030184}"
EndProject
Project("{FAE04EC0-301F-11D3-BF4B-00C04F79EFBC}") = "Single Number II", "Single Number II\Single Number II.csproj", "{103AD3BA-C67C-424D-BFF4-7956E703A44D}"
EndProject
Project("{FAE04EC0-301F-11D3-BF4B-00C04F79EFBC}") = "Find Duplicate", "Find Duplicate\Find Duplicate.csproj", "{4FF26230-1A74-4A28-A2E4-5CB8CFA3ED83}"
EndProject
Project("{FAE04EC0-301F-11D3-BF4B-00C04F79EFBC}") = "Numbers with Even Number of Digits", "Numbers with Even Number of Digits\Numbers with Even Number of Digits.csproj", "{4C4D0CEA-5CB5-4059-A27A-82A00EFA6DF8}"
EndProject
Project("{FAE04EC0-301F-11D3-BF4B-00C04F79EFBC}") = "Palindrome Number", "Palindrome Number\Palindrome Number.csproj", "{904FFE72-14A6-4988-A27C-C1C99A3D30F8}"
EndProject
Project("{FAE04EC0-301F-11D3-BF4B-00C04F79EFBC}") = "Move zeros", "Move zeros\Move zeros.csproj", "{8C2A4E0F-AC9F-4E8E-A485-540A49F94795}"
EndProject
Project("{FAE04EC0-301F-11D3-BF4B-00C04F79EFBC}") = "Third Maximum", "Third Maximum\Third Maximum.csproj", "{5F8E7C91-4586-4B63-967D-E40CA967AF5B}"
EndProject
Project("{FAE04EC0-301F-11D3-BF4B-00C04F79EFBC}") = "Search in a rotated array", "Search in a rotated array\Search in a rotated array.csproj", "{C46215AB-83CA-4146-8520-A3AB62CC1E88}"
EndProject
Project("{FAE04EC0-301F-11D3-BF4B-00C04F79EFBC}") = "Search in Rotated Sorted Array II", "Search in Rotated Sorted Array II\Search in Rotated Sorted Array II.csproj", "{9D183CDC-4B8D-448C-9CA6-C19BEA52F45D}"
EndProject
Project("{FAE04EC0-301F-11D3-BF4B-00C04F79EFBC}") = "Search Insert Position", "Search Insert Position\Search Insert Position.csproj", "{F996797B-8144-4925-A3B2-B2CB402D82E4}"
EndProject
Project("{FAE04EC0-301F-11D3-BF4B-00C04F79EFBC}") = "Unique number of occurrences", "Unique number of occurrences\Unique number of occurrences.csproj", "{5D65B920-3E1B-44B7-80B3-F0F58716432C}"
EndProject
Project("{FAE04EC0-301F-11D3-BF4B-00C04F79EFBC}") = "Sort Array By Parity", "Sort Array By Parity\Sort Array By Parity.csproj", "{4FF8BE19-0007-49BE-8F2C-08A3D0E441F2}"
EndProject
Project("{2150E333-8FDC-42A3-9474-1A3956D46DE8}") = "Contests", "Contests", "{F35FB0E6-A8AF-46E9-AB6C-7A24FB08DB7F}"
EndProject
Project("{FAE04EC0-301F-11D3-BF4B-00C04F79EFBC}") = "Integer to the Sum of Two No-Zero Integers", "Integer to the Sum of Two No-Zero Integers\Integer to the Sum of Two No-Zero Integers.csproj", "{999F2CBA-389C-4650-9C95-DE5E25BAB984}"
EndProject
Project("{2150E333-8FDC-42A3-9474-1A3956D46DE8}") = "Problems Set 2", "Problems Set 2", "{21CAD532-068C-49C2-BC1D-293F3305D86B}"
EndProject
Project("{2150E333-8FDC-42A3-9474-1A3956D46DE8}") = "Array", "Array", "{216D1D2A-C492-4D09-BD2A-F29633C0A1EF}"
EndProject
Project("{FAE04EC0-301F-11D3-BF4B-00C04F79EFBC}") = "Element Appearing More Than 25 perrcent In Sorted Array", "Element Appearing More Than 25 perrcent In Sorted Array\Element Appearing More Than 25 perrcent In Sorted Array.csproj", "{E50BCAA0-23AC-4A8F-8F1A-9878A78C0BB9}"
EndProject
Project("{FAE04EC0-301F-11D3-BF4B-00C04F79EFBC}") = "Self dividing numbers", "Self dividing numbers\Self dividing numbers.csproj", "{07F171EF-EB6F-4543-A1CA-EA682924868F}"
EndProject
Project("{FAE04EC0-301F-11D3-BF4B-00C04F79EFBC}") = "Set Mismatchh", "Set Mismatchh\Set Mismatchh.csproj", "{1E02639C-000F-4AA9-9001-06D99482EB94}"
EndProject
Project("{FAE04EC0-301F-11D3-BF4B-00C04F79EFBC}") = "Valid Palindrome", "Valid Palindrome\Valid Palindrome.csproj", "{51D2472C-9A7B-478E-9B4B-726899C871ED}"
EndProject
Project("{FAE04EC0-301F-11D3-BF4B-00C04F79EFBC}") = "Maximum Subarray", "Maximum Subarray\Maximum Subarray.csproj", "{DFEEF60C-9B22-4616-851B-E78D2E8B87EE}"
EndProject
Project("{FAE04EC0-301F-11D3-BF4B-00C04F79EFBC}") = "Length of Last word", "Length of Last word\Length of Last word.csproj", "{646AA154-E99A-4466-8D72-9F1F2A937CA8}"
EndProject
Project("{FAE04EC0-301F-11D3-BF4B-00C04F79EFBC}") = "Sort colors", "Sort colors\Sort colors.csproj", "{271F5B40-9606-4984-8C99-1D6555FC4619}"
EndProject
Project("{FAE04EC0-301F-11D3-BF4B-00C04F79EFBC}") = "Top k frequent words", "Top k frequent words\Top k frequent words.csproj", "{078DAD55-C668-457B-B15B-2870238A971C}"
EndProject
Project("{FAE04EC0-301F-11D3-BF4B-00C04F79EFBC}") = "Group Anagrams", "Group Anagrams\Group Anagrams.csproj", "{3D33439F-522E-4602-A153-3079B1D92112}"
EndProject
Project("{FAE04EC0-301F-11D3-BF4B-00C04F79EFBC}") = "Plus One", "Plus One\Plus One.csproj", "{ABAADD55-848A-40A8-8E72-00D429C9B2B8}"
EndProject
Project("{FAE04EC0-301F-11D3-BF4B-00C04F79EFBC}") = "N-Repeated Element in Size 2N Array", "N-Repeated Element in Size 2N Array\N-Repeated Element in Size 2N Array.csproj", "{ECA5EEFC-430C-4307-8E68-46368ED2C544}"
EndProject
Project("{FAE04EC0-301F-11D3-BF4B-00C04F79EFBC}") = "Defanging an IP Address", "Defanging an IP Address\Defanging an IP Address.csproj", "{9ADB0E28-2EF9-450D-A372-14C7830CBC3E}"
EndProject
Project("{FAE04EC0-301F-11D3-BF4B-00C04F79EFBC}") = "Remove Duplicates from Sorted Array II", "Remove Duplicates from Sorted Array II\Remove Duplicates from Sorted Array II.csproj", "{14ED0D7C-8534-47EE-8260-1E90871A019B}"
EndProject
Project("{FAE04EC0-301F-11D3-BF4B-00C04F79EFBC}") = "Missing Number", "Missing Number\Missing Number.csproj", "{248FEC64-2FC5-45AF-B07D-24C892DC86A8}"
EndProject
Project("{2150E333-8FDC-42A3-9474-1A3956D46DE8}") = "Excel", "Excel", "{9A666B2B-80BE-477A-BEF4-1AEDB94192C4}"
EndProject
Project("{FAE04EC0-301F-11D3-BF4B-00C04F79EFBC}") = "Excel Sheet Column Number", "Excel Sheet Column Number\Excel Sheet Column Number.csproj", "{A1CF4A18-75AE-4136-A2FA-BD713FA21437}"
EndProject
Project("{FAE04EC0-301F-11D3-BF4B-00C04F79EFBC}") = "Excel Sheet Column Title", "Excel Sheet Column Title\Excel Sheet Column Title.csproj", "{0BEF8C69-6E1D-44E8-8E8C-A43AC802E5E7}"
EndProject
Project("{FAE04EC0-301F-11D3-BF4B-00C04F79EFBC}") = "Valid Anagaram", "Valid Anagaram\Valid Anagaram.csproj", "{B36B00F4-1615-43F3-AA8E-BAF631E11FDE}"
EndProject
Project("{FAE04EC0-301F-11D3-BF4B-00C04F79EFBC}") = "Subtract the Product and Sum of Digits of an Integer", "Subtract the Product and Sum of Digits of an Integer\Subtract the Product and Sum of Digits of an Integer.csproj", "{F588C1A5-F729-44BA-AAAF-8AAD64793830}"
EndProject
Project("{FAE04EC0-301F-11D3-BF4B-00C04F79EFBC}") = "Remove Duplicates from Sorted Array", "Remove Duplicates from Sorted Array\Remove Duplicates from Sorted Array.csproj", "{186ECD27-3697-449A-B443-1FD5E6620245}"
EndProject
Global
	GlobalSection(SolutionConfigurationPlatforms) = preSolution
		Debug|Any CPU = Debug|Any CPU
		Release|Any CPU = Release|Any CPU
	EndGlobalSection
	GlobalSection(ProjectConfigurationPlatforms) = postSolution
		{BF7CCA98-5EE5-4F61-8A28-702401F3BB82}.Debug|Any CPU.ActiveCfg = Debug|Any CPU
		{BF7CCA98-5EE5-4F61-8A28-702401F3BB82}.Debug|Any CPU.Build.0 = Debug|Any CPU
		{BF7CCA98-5EE5-4F61-8A28-702401F3BB82}.Release|Any CPU.ActiveCfg = Release|Any CPU
		{BF7CCA98-5EE5-4F61-8A28-702401F3BB82}.Release|Any CPU.Build.0 = Release|Any CPU
		{A04BDA18-277E-4345-AA5C-3F1A6F88772A}.Debug|Any CPU.ActiveCfg = Debug|Any CPU
		{A04BDA18-277E-4345-AA5C-3F1A6F88772A}.Debug|Any CPU.Build.0 = Debug|Any CPU
		{A04BDA18-277E-4345-AA5C-3F1A6F88772A}.Release|Any CPU.ActiveCfg = Release|Any CPU
		{A04BDA18-277E-4345-AA5C-3F1A6F88772A}.Release|Any CPU.Build.0 = Release|Any CPU
		{F0FFB806-721B-4ABB-A008-5E35B49BC9FC}.Debug|Any CPU.ActiveCfg = Debug|Any CPU
		{F0FFB806-721B-4ABB-A008-5E35B49BC9FC}.Debug|Any CPU.Build.0 = Debug|Any CPU
		{F0FFB806-721B-4ABB-A008-5E35B49BC9FC}.Release|Any CPU.ActiveCfg = Release|Any CPU
		{F0FFB806-721B-4ABB-A008-5E35B49BC9FC}.Release|Any CPU.Build.0 = Release|Any CPU
		{AF6A47CA-1F82-4554-9679-1D561A68EF16}.Debug|Any CPU.ActiveCfg = Debug|Any CPU
		{AF6A47CA-1F82-4554-9679-1D561A68EF16}.Debug|Any CPU.Build.0 = Debug|Any CPU
		{AF6A47CA-1F82-4554-9679-1D561A68EF16}.Release|Any CPU.ActiveCfg = Release|Any CPU
		{AF6A47CA-1F82-4554-9679-1D561A68EF16}.Release|Any CPU.Build.0 = Release|Any CPU
		{3ED25799-11A9-492D-8429-BF482D732C15}.Debug|Any CPU.ActiveCfg = Debug|Any CPU
		{3ED25799-11A9-492D-8429-BF482D732C15}.Debug|Any CPU.Build.0 = Debug|Any CPU
		{3ED25799-11A9-492D-8429-BF482D732C15}.Release|Any CPU.ActiveCfg = Release|Any CPU
		{3ED25799-11A9-492D-8429-BF482D732C15}.Release|Any CPU.Build.0 = Release|Any CPU
		{8FB383E8-BC40-4DD1-A5BD-0FE39A030184}.Debug|Any CPU.ActiveCfg = Debug|Any CPU
		{8FB383E8-BC40-4DD1-A5BD-0FE39A030184}.Debug|Any CPU.Build.0 = Debug|Any CPU
		{8FB383E8-BC40-4DD1-A5BD-0FE39A030184}.Release|Any CPU.ActiveCfg = Release|Any CPU
		{8FB383E8-BC40-4DD1-A5BD-0FE39A030184}.Release|Any CPU.Build.0 = Release|Any CPU
		{103AD3BA-C67C-424D-BFF4-7956E703A44D}.Debug|Any CPU.ActiveCfg = Debug|Any CPU
		{103AD3BA-C67C-424D-BFF4-7956E703A44D}.Debug|Any CPU.Build.0 = Debug|Any CPU
		{103AD3BA-C67C-424D-BFF4-7956E703A44D}.Release|Any CPU.ActiveCfg = Release|Any CPU
		{103AD3BA-C67C-424D-BFF4-7956E703A44D}.Release|Any CPU.Build.0 = Release|Any CPU
		{4FF26230-1A74-4A28-A2E4-5CB8CFA3ED83}.Debug|Any CPU.ActiveCfg = Debug|Any CPU
		{4FF26230-1A74-4A28-A2E4-5CB8CFA3ED83}.Debug|Any CPU.Build.0 = Debug|Any CPU
		{4FF26230-1A74-4A28-A2E4-5CB8CFA3ED83}.Release|Any CPU.ActiveCfg = Release|Any CPU
		{4FF26230-1A74-4A28-A2E4-5CB8CFA3ED83}.Release|Any CPU.Build.0 = Release|Any CPU
		{4C4D0CEA-5CB5-4059-A27A-82A00EFA6DF8}.Debug|Any CPU.ActiveCfg = Debug|Any CPU
		{4C4D0CEA-5CB5-4059-A27A-82A00EFA6DF8}.Debug|Any CPU.Build.0 = Debug|Any CPU
		{4C4D0CEA-5CB5-4059-A27A-82A00EFA6DF8}.Release|Any CPU.ActiveCfg = Release|Any CPU
		{4C4D0CEA-5CB5-4059-A27A-82A00EFA6DF8}.Release|Any CPU.Build.0 = Release|Any CPU
		{904FFE72-14A6-4988-A27C-C1C99A3D30F8}.Debug|Any CPU.ActiveCfg = Debug|Any CPU
		{904FFE72-14A6-4988-A27C-C1C99A3D30F8}.Debug|Any CPU.Build.0 = Debug|Any CPU
		{904FFE72-14A6-4988-A27C-C1C99A3D30F8}.Release|Any CPU.ActiveCfg = Release|Any CPU
		{904FFE72-14A6-4988-A27C-C1C99A3D30F8}.Release|Any CPU.Build.0 = Release|Any CPU
		{8C2A4E0F-AC9F-4E8E-A485-540A49F94795}.Debug|Any CPU.ActiveCfg = Debug|Any CPU
		{8C2A4E0F-AC9F-4E8E-A485-540A49F94795}.Debug|Any CPU.Build.0 = Debug|Any CPU
		{8C2A4E0F-AC9F-4E8E-A485-540A49F94795}.Release|Any CPU.ActiveCfg = Release|Any CPU
		{8C2A4E0F-AC9F-4E8E-A485-540A49F94795}.Release|Any CPU.Build.0 = Release|Any CPU
		{5F8E7C91-4586-4B63-967D-E40CA967AF5B}.Debug|Any CPU.ActiveCfg = Debug|Any CPU
		{5F8E7C91-4586-4B63-967D-E40CA967AF5B}.Debug|Any CPU.Build.0 = Debug|Any CPU
		{5F8E7C91-4586-4B63-967D-E40CA967AF5B}.Release|Any CPU.ActiveCfg = Release|Any CPU
		{5F8E7C91-4586-4B63-967D-E40CA967AF5B}.Release|Any CPU.Build.0 = Release|Any CPU
		{C46215AB-83CA-4146-8520-A3AB62CC1E88}.Debug|Any CPU.ActiveCfg = Debug|Any CPU
		{C46215AB-83CA-4146-8520-A3AB62CC1E88}.Debug|Any CPU.Build.0 = Debug|Any CPU
		{C46215AB-83CA-4146-8520-A3AB62CC1E88}.Release|Any CPU.ActiveCfg = Release|Any CPU
		{C46215AB-83CA-4146-8520-A3AB62CC1E88}.Release|Any CPU.Build.0 = Release|Any CPU
		{9D183CDC-4B8D-448C-9CA6-C19BEA52F45D}.Debug|Any CPU.ActiveCfg = Debug|Any CPU
		{9D183CDC-4B8D-448C-9CA6-C19BEA52F45D}.Debug|Any CPU.Build.0 = Debug|Any CPU
		{9D183CDC-4B8D-448C-9CA6-C19BEA52F45D}.Release|Any CPU.ActiveCfg = Release|Any CPU
		{9D183CDC-4B8D-448C-9CA6-C19BEA52F45D}.Release|Any CPU.Build.0 = Release|Any CPU
		{F996797B-8144-4925-A3B2-B2CB402D82E4}.Debug|Any CPU.ActiveCfg = Debug|Any CPU
		{F996797B-8144-4925-A3B2-B2CB402D82E4}.Debug|Any CPU.Build.0 = Debug|Any CPU
		{F996797B-8144-4925-A3B2-B2CB402D82E4}.Release|Any CPU.ActiveCfg = Release|Any CPU
		{F996797B-8144-4925-A3B2-B2CB402D82E4}.Release|Any CPU.Build.0 = Release|Any CPU
		{5D65B920-3E1B-44B7-80B3-F0F58716432C}.Debug|Any CPU.ActiveCfg = Debug|Any CPU
		{5D65B920-3E1B-44B7-80B3-F0F58716432C}.Debug|Any CPU.Build.0 = Debug|Any CPU
		{5D65B920-3E1B-44B7-80B3-F0F58716432C}.Release|Any CPU.ActiveCfg = Release|Any CPU
		{5D65B920-3E1B-44B7-80B3-F0F58716432C}.Release|Any CPU.Build.0 = Release|Any CPU
		{4FF8BE19-0007-49BE-8F2C-08A3D0E441F2}.Debug|Any CPU.ActiveCfg = Debug|Any CPU
		{4FF8BE19-0007-49BE-8F2C-08A3D0E441F2}.Debug|Any CPU.Build.0 = Debug|Any CPU
		{4FF8BE19-0007-49BE-8F2C-08A3D0E441F2}.Release|Any CPU.ActiveCfg = Release|Any CPU
		{4FF8BE19-0007-49BE-8F2C-08A3D0E441F2}.Release|Any CPU.Build.0 = Release|Any CPU
		{999F2CBA-389C-4650-9C95-DE5E25BAB984}.Debug|Any CPU.ActiveCfg = Debug|Any CPU
		{999F2CBA-389C-4650-9C95-DE5E25BAB984}.Debug|Any CPU.Build.0 = Debug|Any CPU
		{999F2CBA-389C-4650-9C95-DE5E25BAB984}.Release|Any CPU.ActiveCfg = Release|Any CPU
		{999F2CBA-389C-4650-9C95-DE5E25BAB984}.Release|Any CPU.Build.0 = Release|Any CPU
		{E50BCAA0-23AC-4A8F-8F1A-9878A78C0BB9}.Debug|Any CPU.ActiveCfg = Debug|Any CPU
		{E50BCAA0-23AC-4A8F-8F1A-9878A78C0BB9}.Debug|Any CPU.Build.0 = Debug|Any CPU
		{E50BCAA0-23AC-4A8F-8F1A-9878A78C0BB9}.Release|Any CPU.ActiveCfg = Release|Any CPU
		{E50BCAA0-23AC-4A8F-8F1A-9878A78C0BB9}.Release|Any CPU.Build.0 = Release|Any CPU
		{07F171EF-EB6F-4543-A1CA-EA682924868F}.Debug|Any CPU.ActiveCfg = Debug|Any CPU
		{07F171EF-EB6F-4543-A1CA-EA682924868F}.Debug|Any CPU.Build.0 = Debug|Any CPU
		{07F171EF-EB6F-4543-A1CA-EA682924868F}.Release|Any CPU.ActiveCfg = Release|Any CPU
		{07F171EF-EB6F-4543-A1CA-EA682924868F}.Release|Any CPU.Build.0 = Release|Any CPU
		{1E02639C-000F-4AA9-9001-06D99482EB94}.Debug|Any CPU.ActiveCfg = Debug|Any CPU
		{1E02639C-000F-4AA9-9001-06D99482EB94}.Debug|Any CPU.Build.0 = Debug|Any CPU
		{1E02639C-000F-4AA9-9001-06D99482EB94}.Release|Any CPU.ActiveCfg = Release|Any CPU
		{1E02639C-000F-4AA9-9001-06D99482EB94}.Release|Any CPU.Build.0 = Release|Any CPU
		{51D2472C-9A7B-478E-9B4B-726899C871ED}.Debug|Any CPU.ActiveCfg = Debug|Any CPU
		{51D2472C-9A7B-478E-9B4B-726899C871ED}.Debug|Any CPU.Build.0 = Debug|Any CPU
		{51D2472C-9A7B-478E-9B4B-726899C871ED}.Release|Any CPU.ActiveCfg = Release|Any CPU
		{51D2472C-9A7B-478E-9B4B-726899C871ED}.Release|Any CPU.Build.0 = Release|Any CPU
		{DFEEF60C-9B22-4616-851B-E78D2E8B87EE}.Debug|Any CPU.ActiveCfg = Debug|Any CPU
		{DFEEF60C-9B22-4616-851B-E78D2E8B87EE}.Debug|Any CPU.Build.0 = Debug|Any CPU
		{DFEEF60C-9B22-4616-851B-E78D2E8B87EE}.Release|Any CPU.ActiveCfg = Release|Any CPU
		{DFEEF60C-9B22-4616-851B-E78D2E8B87EE}.Release|Any CPU.Build.0 = Release|Any CPU
		{646AA154-E99A-4466-8D72-9F1F2A937CA8}.Debug|Any CPU.ActiveCfg = Debug|Any CPU
		{646AA154-E99A-4466-8D72-9F1F2A937CA8}.Debug|Any CPU.Build.0 = Debug|Any CPU
		{646AA154-E99A-4466-8D72-9F1F2A937CA8}.Release|Any CPU.ActiveCfg = Release|Any CPU
		{646AA154-E99A-4466-8D72-9F1F2A937CA8}.Release|Any CPU.Build.0 = Release|Any CPU
		{271F5B40-9606-4984-8C99-1D6555FC4619}.Debug|Any CPU.ActiveCfg = Debug|Any CPU
		{271F5B40-9606-4984-8C99-1D6555FC4619}.Debug|Any CPU.Build.0 = Debug|Any CPU
		{271F5B40-9606-4984-8C99-1D6555FC4619}.Release|Any CPU.ActiveCfg = Release|Any CPU
		{271F5B40-9606-4984-8C99-1D6555FC4619}.Release|Any CPU.Build.0 = Release|Any CPU
		{078DAD55-C668-457B-B15B-2870238A971C}.Debug|Any CPU.ActiveCfg = Debug|Any CPU
		{078DAD55-C668-457B-B15B-2870238A971C}.Debug|Any CPU.Build.0 = Debug|Any CPU
		{078DAD55-C668-457B-B15B-2870238A971C}.Release|Any CPU.ActiveCfg = Release|Any CPU
		{078DAD55-C668-457B-B15B-2870238A971C}.Release|Any CPU.Build.0 = Release|Any CPU
		{3D33439F-522E-4602-A153-3079B1D92112}.Debug|Any CPU.ActiveCfg = Debug|Any CPU
		{3D33439F-522E-4602-A153-3079B1D92112}.Debug|Any CPU.Build.0 = Debug|Any CPU
		{3D33439F-522E-4602-A153-3079B1D92112}.Release|Any CPU.ActiveCfg = Release|Any CPU
		{3D33439F-522E-4602-A153-3079B1D92112}.Release|Any CPU.Build.0 = Release|Any CPU
		{ABAADD55-848A-40A8-8E72-00D429C9B2B8}.Debug|Any CPU.ActiveCfg = Debug|Any CPU
		{ABAADD55-848A-40A8-8E72-00D429C9B2B8}.Debug|Any CPU.Build.0 = Debug|Any CPU
		{ABAADD55-848A-40A8-8E72-00D429C9B2B8}.Release|Any CPU.ActiveCfg = Release|Any CPU
		{ABAADD55-848A-40A8-8E72-00D429C9B2B8}.Release|Any CPU.Build.0 = Release|Any CPU
		{ECA5EEFC-430C-4307-8E68-46368ED2C544}.Debug|Any CPU.ActiveCfg = Debug|Any CPU
		{ECA5EEFC-430C-4307-8E68-46368ED2C544}.Debug|Any CPU.Build.0 = Debug|Any CPU
		{ECA5EEFC-430C-4307-8E68-46368ED2C544}.Release|Any CPU.ActiveCfg = Release|Any CPU
		{ECA5EEFC-430C-4307-8E68-46368ED2C544}.Release|Any CPU.Build.0 = Release|Any CPU
		{9ADB0E28-2EF9-450D-A372-14C7830CBC3E}.Debug|Any CPU.ActiveCfg = Debug|Any CPU
		{9ADB0E28-2EF9-450D-A372-14C7830CBC3E}.Debug|Any CPU.Build.0 = Debug|Any CPU
		{9ADB0E28-2EF9-450D-A372-14C7830CBC3E}.Release|Any CPU.ActiveCfg = Release|Any CPU
		{9ADB0E28-2EF9-450D-A372-14C7830CBC3E}.Release|Any CPU.Build.0 = Release|Any CPU
		{14ED0D7C-8534-47EE-8260-1E90871A019B}.Debug|Any CPU.ActiveCfg = Debug|Any CPU
		{14ED0D7C-8534-47EE-8260-1E90871A019B}.Debug|Any CPU.Build.0 = Debug|Any CPU
		{14ED0D7C-8534-47EE-8260-1E90871A019B}.Release|Any CPU.ActiveCfg = Release|Any CPU
		{14ED0D7C-8534-47EE-8260-1E90871A019B}.Release|Any CPU.Build.0 = Release|Any CPU
		{248FEC64-2FC5-45AF-B07D-24C892DC86A8}.Debug|Any CPU.ActiveCfg = Debug|Any CPU
		{248FEC64-2FC5-45AF-B07D-24C892DC86A8}.Debug|Any CPU.Build.0 = Debug|Any CPU
		{248FEC64-2FC5-45AF-B07D-24C892DC86A8}.Release|Any CPU.ActiveCfg = Release|Any CPU
		{248FEC64-2FC5-45AF-B07D-24C892DC86A8}.Release|Any CPU.Build.0 = Release|Any CPU
		{A1CF4A18-75AE-4136-A2FA-BD713FA21437}.Debug|Any CPU.ActiveCfg = Debug|Any CPU
		{A1CF4A18-75AE-4136-A2FA-BD713FA21437}.Debug|Any CPU.Build.0 = Debug|Any CPU
		{A1CF4A18-75AE-4136-A2FA-BD713FA21437}.Release|Any CPU.ActiveCfg = Release|Any CPU
		{A1CF4A18-75AE-4136-A2FA-BD713FA21437}.Release|Any CPU.Build.0 = Release|Any CPU
		{0BEF8C69-6E1D-44E8-8E8C-A43AC802E5E7}.Debug|Any CPU.ActiveCfg = Debug|Any CPU
		{0BEF8C69-6E1D-44E8-8E8C-A43AC802E5E7}.Debug|Any CPU.Build.0 = Debug|Any CPU
		{0BEF8C69-6E1D-44E8-8E8C-A43AC802E5E7}.Release|Any CPU.ActiveCfg = Release|Any CPU
		{0BEF8C69-6E1D-44E8-8E8C-A43AC802E5E7}.Release|Any CPU.Build.0 = Release|Any CPU
		{B36B00F4-1615-43F3-AA8E-BAF631E11FDE}.Debug|Any CPU.ActiveCfg = Debug|Any CPU
		{B36B00F4-1615-43F3-AA8E-BAF631E11FDE}.Debug|Any CPU.Build.0 = Debug|Any CPU
		{B36B00F4-1615-43F3-AA8E-BAF631E11FDE}.Release|Any CPU.ActiveCfg = Release|Any CPU
		{B36B00F4-1615-43F3-AA8E-BAF631E11FDE}.Release|Any CPU.Build.0 = Release|Any CPU
		{F588C1A5-F729-44BA-AAAF-8AAD64793830}.Debug|Any CPU.ActiveCfg = Debug|Any CPU
		{F588C1A5-F729-44BA-AAAF-8AAD64793830}.Debug|Any CPU.Build.0 = Debug|Any CPU
		{F588C1A5-F729-44BA-AAAF-8AAD64793830}.Release|Any CPU.ActiveCfg = Release|Any CPU
		{F588C1A5-F729-44BA-AAAF-8AAD64793830}.Release|Any CPU.Build.0 = Release|Any CPU
		{186ECD27-3697-449A-B443-1FD5E6620245}.Debug|Any CPU.ActiveCfg = Debug|Any CPU
		{186ECD27-3697-449A-B443-1FD5E6620245}.Debug|Any CPU.Build.0 = Debug|Any CPU
		{186ECD27-3697-449A-B443-1FD5E6620245}.Release|Any CPU.ActiveCfg = Release|Any CPU
		{186ECD27-3697-449A-B443-1FD5E6620245}.Release|Any CPU.Build.0 = Release|Any CPU
	EndGlobalSection
	GlobalSection(SolutionProperties) = preSolution
		HideSolutionNode = FALSE
	EndGlobalSection
	GlobalSection(NestedProjects) = preSolution
		{999F2CBA-389C-4650-9C95-DE5E25BAB984} = {F35FB0E6-A8AF-46E9-AB6C-7A24FB08DB7F}
		{216D1D2A-C492-4D09-BD2A-F29633C0A1EF} = {21CAD532-068C-49C2-BC1D-293F3305D86B}
		{E50BCAA0-23AC-4A8F-8F1A-9878A78C0BB9} = {216D1D2A-C492-4D09-BD2A-F29633C0A1EF}
		{A1CF4A18-75AE-4136-A2FA-BD713FA21437} = {9A666B2B-80BE-477A-BEF4-1AEDB94192C4}
		{0BEF8C69-6E1D-44E8-8E8C-A43AC802E5E7} = {9A666B2B-80BE-477A-BEF4-1AEDB94192C4}
	EndGlobalSection
	GlobalSection(ExtensibilityGlobals) = postSolution
		SolutionGuid = {D8BC4D13-9DC2-4007-8144-F00F74909813}
	EndGlobalSection
EndGlobal
